
Microsoft Visual Studio Solution File, Format Version 12.00
# Visual Studio 15
VisualStudioVersion = 15.0.27130.2010
MinimumVisualStudioVersion = 10.0.40219.1
Project("{9A19103F-16F7-4668-BE54-9A1E7A4F7556}") = "DbKeeperNet.Engine", "DbKeeperNet.Engine\DbKeeperNet.Engine.csproj", "{9E02D7F3-33A5-4985-A690-F1F3F97ABF4A}"
EndProject
Project("{2150E333-8FDC-42A3-9474-1A3956D46DE8}") = "Solution Items", "Solution Items", "{36D1351F-9000-4688-AE4C-4BDDB97CF213}"
	ProjectSection(SolutionItems) = preProject
		build.msbuild = build.msbuild
		Changelog.txt = Changelog.txt
		Jenkinsfile = Jenkinsfile
		LICENSE = LICENSE
		README.md = README.md
	EndProjectSection
EndProject
Project("{9A19103F-16F7-4668-BE54-9A1E7A4F7556}") = "DbKeeperNet.Engine.Tests", "DbKeeperNet.Engine.Tests\DbKeeperNet.Engine.Tests.csproj", "{447718A6-3F9D-4596-879D-9101BFD7BA9E}"
EndProject
Project("{9A19103F-16F7-4668-BE54-9A1E7A4F7556}") = "DbKeeperNet.Extensions.SQLite", "DbKeeperNet.Extensions.SQLite\DbKeeperNet.Extensions.SQLite.csproj", "{5319BF8D-344B-42B3-9A8A-7D5231E5625E}"
EndProject
Project("{9A19103F-16F7-4668-BE54-9A1E7A4F7556}") = "DbKeeperNet.Extensions.SqlServer", "DbKeeperNet.Extensions.SqlServer\DbKeeperNet.Extensions.SqlServer.csproj", "{0864FF6F-1821-4F30-BABE-DA5CDB13043D}"
EndProject
Project("{FAE04EC0-301F-11D3-BF4B-00C04F79EFBC}") = "DbKeeperNet.Extensions.SQLite.Tests", "DbKeeperNet.Extensions.SQLite.Tests\DbKeeperNet.Extensions.SQLite.Tests.csproj", "{E01A574C-F423-492B-9189-02AB0F6EEC94}"
EndProject
Project("{FAE04EC0-301F-11D3-BF4B-00C04F79EFBC}") = "DbKeeperNet.Engine.Tests.Full", "DbKeeperNet.Engine.Tests.Full\DbKeeperNet.Engine.Tests.Full.csproj", "{C4899755-7F2E-416E-867B-44D7074868DC}"
EndProject
Project("{FAE04EC0-301F-11D3-BF4B-00C04F79EFBC}") = "DbKeeperNet.Extensions.SqlServer.Tests", "DbKeeperNet.Extensions.SqlServer.Tests\DbKeeperNet.Extensions.SqlServer.Tests.csproj", "{2CF30887-D9F3-484D-AB4B-E54DC1FAA74C}"
EndProject
Project("{FAE04EC0-301F-11D3-BF4B-00C04F79EFBC}") = "DbKeeperNet.Extensions.Pgsql.Tests", "DbKeeperNet.Extensions.Pgsql.Tests\DbKeeperNet.Extensions.Pgsql.Tests.csproj", "{7A7CADD8-E5C1-45E6-8A37-E56D2D73C74C}"
EndProject
Project("{9A19103F-16F7-4668-BE54-9A1E7A4F7556}") = "DbKeeperNet.Extensions.Pgsql", "DbKeeperNet.Extensions.Pgsql\DbKeeperNet.Extensions.Pgsql.csproj", "{6E6E101C-372B-4F76-8213-03FD0C35A2D4}"
EndProject
Project("{FAE04EC0-301F-11D3-BF4B-00C04F79EFBC}") = "DbKeeperNet.Extensions.Firebird.Tests", "DbKeeperNet.Extensions.Firebird.Tests\DbKeeperNet.Extensions.Firebird.Tests.csproj", "{469AA4A9-2A75-4647-9659-DA0F5716E80C}"
EndProject
Project("{FAE04EC0-301F-11D3-BF4B-00C04F79EFBC}") = "DbKeeperNet.Extensions.Mysql.Tests", "DbKeeperNet.Extensions.Mysql.Tests\DbKeeperNet.Extensions.Mysql.Tests.csproj", "{CBB23529-12AF-4FA7-ABC5-6E828F02419B}"
EndProject
Project("{9A19103F-16F7-4668-BE54-9A1E7A4F7556}") = "DbKeeperNet.Extensions.Firebird", "DbKeeperNet.Extensions.Firebird\DbKeeperNet.Extensions.Firebird.csproj", "{663318BF-A3AD-4805-8E0D-DEF04260C285}"
EndProject
Project("{9A19103F-16F7-4668-BE54-9A1E7A4F7556}") = "DbKeeperNet.Extensions.Mysql", "DbKeeperNet.Extensions.Mysql\DbKeeperNet.Extensions.Mysql.csproj", "{464152B5-3874-4D00-BEBD-31EC35871970}"
EndProject
Project("{FAE04EC0-301F-11D3-BF4B-00C04F79EFBC}") = "DbKeeperNet.Extensions.AspNetRolesAndMembership", "DbKeeperNet.Extensions.AspNetRolesAndMembership\DbKeeperNet.Extensions.AspNetRolesAndMembership.csproj", "{BD017075-0ADA-46AA-9D22-C90D990853D4}"
EndProject
Project("{FAE04EC0-301F-11D3-BF4B-00C04F79EFBC}") = "DbKeeperNet.Extensions.AspNetRolesAndMembership.Tests", "DbKeeperNet.Extensions.AspNetRolesAndMembership.Tests\DbKeeperNet.Extensions.AspNetRolesAndMembership.Tests.csproj", "{92771AC5-7CB2-40EF-B61E-050452EF95B7}"
EndProject
Project("{FAE04EC0-301F-11D3-BF4B-00C04F79EFBC}") = "DbKeeperNet.Extensions.MsSqlMembershipAndRolesSetup", "DbKeeperNet.Extensions.MsSqlMembershipAndRolesSetup\DbKeeperNet.Extensions.MsSqlMembershipAndRolesSetup.csproj", "{CF414579-2BB6-48D1-BDDD-BA586373C881}"
EndProject
Global
	GlobalSection(SolutionConfigurationPlatforms) = preSolution
		Debug|Any CPU = Debug|Any CPU
		Release|Any CPU = Release|Any CPU
	EndGlobalSection
	GlobalSection(ProjectConfigurationPlatforms) = postSolution
		{9E02D7F3-33A5-4985-A690-F1F3F97ABF4A}.Debug|Any CPU.ActiveCfg = Debug|Any CPU
		{9E02D7F3-33A5-4985-A690-F1F3F97ABF4A}.Debug|Any CPU.Build.0 = Debug|Any CPU
		{9E02D7F3-33A5-4985-A690-F1F3F97ABF4A}.Release|Any CPU.ActiveCfg = Release|Any CPU
		{9E02D7F3-33A5-4985-A690-F1F3F97ABF4A}.Release|Any CPU.Build.0 = Release|Any CPU
		{447718A6-3F9D-4596-879D-9101BFD7BA9E}.Debug|Any CPU.ActiveCfg = Debug|Any CPU
		{447718A6-3F9D-4596-879D-9101BFD7BA9E}.Debug|Any CPU.Build.0 = Debug|Any CPU
		{447718A6-3F9D-4596-879D-9101BFD7BA9E}.Release|Any CPU.ActiveCfg = Release|Any CPU
		{447718A6-3F9D-4596-879D-9101BFD7BA9E}.Release|Any CPU.Build.0 = Release|Any CPU
		{5319BF8D-344B-42B3-9A8A-7D5231E5625E}.Debug|Any CPU.ActiveCfg = Debug|Any CPU
		{5319BF8D-344B-42B3-9A8A-7D5231E5625E}.Debug|Any CPU.Build.0 = Debug|Any CPU
		{5319BF8D-344B-42B3-9A8A-7D5231E5625E}.Release|Any CPU.ActiveCfg = Release|Any CPU
		{5319BF8D-344B-42B3-9A8A-7D5231E5625E}.Release|Any CPU.Build.0 = Release|Any CPU
		{0864FF6F-1821-4F30-BABE-DA5CDB13043D}.Debug|Any CPU.ActiveCfg = Debug|Any CPU
		{0864FF6F-1821-4F30-BABE-DA5CDB13043D}.Debug|Any CPU.Build.0 = Debug|Any CPU
		{0864FF6F-1821-4F30-BABE-DA5CDB13043D}.Release|Any CPU.ActiveCfg = Release|Any CPU
		{0864FF6F-1821-4F30-BABE-DA5CDB13043D}.Release|Any CPU.Build.0 = Release|Any CPU
		{E01A574C-F423-492B-9189-02AB0F6EEC94}.Debug|Any CPU.ActiveCfg = Debug|Any CPU
		{E01A574C-F423-492B-9189-02AB0F6EEC94}.Debug|Any CPU.Build.0 = Debug|Any CPU
		{E01A574C-F423-492B-9189-02AB0F6EEC94}.Release|Any CPU.ActiveCfg = Release|Any CPU
		{E01A574C-F423-492B-9189-02AB0F6EEC94}.Release|Any CPU.Build.0 = Release|Any CPU
		{C4899755-7F2E-416E-867B-44D7074868DC}.Debug|Any CPU.ActiveCfg = Debug|Any CPU
		{C4899755-7F2E-416E-867B-44D7074868DC}.Debug|Any CPU.Build.0 = Debug|Any CPU
		{C4899755-7F2E-416E-867B-44D7074868DC}.Release|Any CPU.ActiveCfg = Release|Any CPU
		{C4899755-7F2E-416E-867B-44D7074868DC}.Release|Any CPU.Build.0 = Release|Any CPU
		{2CF30887-D9F3-484D-AB4B-E54DC1FAA74C}.Debug|Any CPU.ActiveCfg = Debug|Any CPU
		{2CF30887-D9F3-484D-AB4B-E54DC1FAA74C}.Debug|Any CPU.Build.0 = Debug|Any CPU
		{2CF30887-D9F3-484D-AB4B-E54DC1FAA74C}.Release|Any CPU.ActiveCfg = Release|Any CPU
		{2CF30887-D9F3-484D-AB4B-E54DC1FAA74C}.Release|Any CPU.Build.0 = Release|Any CPU
		{7A7CADD8-E5C1-45E6-8A37-E56D2D73C74C}.Debug|Any CPU.ActiveCfg = Debug|Any CPU
		{7A7CADD8-E5C1-45E6-8A37-E56D2D73C74C}.Debug|Any CPU.Build.0 = Debug|Any CPU
		{7A7CADD8-E5C1-45E6-8A37-E56D2D73C74C}.Release|Any CPU.ActiveCfg = Release|Any CPU
		{7A7CADD8-E5C1-45E6-8A37-E56D2D73C74C}.Release|Any CPU.Build.0 = Release|Any CPU
		{6E6E101C-372B-4F76-8213-03FD0C35A2D4}.Debug|Any CPU.ActiveCfg = Debug|Any CPU
		{6E6E101C-372B-4F76-8213-03FD0C35A2D4}.Debug|Any CPU.Build.0 = Debug|Any CPU
		{6E6E101C-372B-4F76-8213-03FD0C35A2D4}.Release|Any CPU.ActiveCfg = Release|Any CPU
		{6E6E101C-372B-4F76-8213-03FD0C35A2D4}.Release|Any CPU.Build.0 = Release|Any CPU
		{469AA4A9-2A75-4647-9659-DA0F5716E80C}.Debug|Any CPU.ActiveCfg = Debug|Any CPU
		{469AA4A9-2A75-4647-9659-DA0F5716E80C}.Debug|Any CPU.Build.0 = Debug|Any CPU
		{469AA4A9-2A75-4647-9659-DA0F5716E80C}.Release|Any CPU.ActiveCfg = Release|Any CPU
		{469AA4A9-2A75-4647-9659-DA0F5716E80C}.Release|Any CPU.Build.0 = Release|Any CPU
		{CBB23529-12AF-4FA7-ABC5-6E828F02419B}.Debug|Any CPU.ActiveCfg = Debug|Any CPU
		{CBB23529-12AF-4FA7-ABC5-6E828F02419B}.Debug|Any CPU.Build.0 = Debug|Any CPU
		{CBB23529-12AF-4FA7-ABC5-6E828F02419B}.Release|Any CPU.ActiveCfg = Release|Any CPU
		{CBB23529-12AF-4FA7-ABC5-6E828F02419B}.Release|Any CPU.Build.0 = Release|Any CPU
		{663318BF-A3AD-4805-8E0D-DEF04260C285}.Debug|Any CPU.ActiveCfg = Debug|Any CPU
		{663318BF-A3AD-4805-8E0D-DEF04260C285}.Debug|Any CPU.Build.0 = Debug|Any CPU
		{663318BF-A3AD-4805-8E0D-DEF04260C285}.Release|Any CPU.ActiveCfg = Release|Any CPU
		{663318BF-A3AD-4805-8E0D-DEF04260C285}.Release|Any CPU.Build.0 = Release|Any CPU
		{464152B5-3874-4D00-BEBD-31EC35871970}.Debug|Any CPU.ActiveCfg = Debug|Any CPU
		{464152B5-3874-4D00-BEBD-31EC35871970}.Debug|Any CPU.Build.0 = Debug|Any CPU
		{464152B5-3874-4D00-BEBD-31EC35871970}.Release|Any CPU.ActiveCfg = Release|Any CPU
		{464152B5-3874-4D00-BEBD-31EC35871970}.Release|Any CPU.Build.0 = Release|Any CPU
		{BD017075-0ADA-46AA-9D22-C90D990853D4}.Debug|Any CPU.ActiveCfg = Debug|Any CPU
		{BD017075-0ADA-46AA-9D22-C90D990853D4}.Debug|Any CPU.Build.0 = Debug|Any CPU
		{BD017075-0ADA-46AA-9D22-C90D990853D4}.Release|Any CPU.ActiveCfg = Release|Any CPU
		{BD017075-0ADA-46AA-9D22-C90D990853D4}.Release|Any CPU.Build.0 = Release|Any CPU
		{92771AC5-7CB2-40EF-B61E-050452EF95B7}.Debug|Any CPU.ActiveCfg = Debug|Any CPU
		{92771AC5-7CB2-40EF-B61E-050452EF95B7}.Debug|Any CPU.Build.0 = Debug|Any CPU
		{92771AC5-7CB2-40EF-B61E-050452EF95B7}.Release|Any CPU.ActiveCfg = Release|Any CPU
		{92771AC5-7CB2-40EF-B61E-050452EF95B7}.Release|Any CPU.Build.0 = Release|Any CPU
		{CF414579-2BB6-48D1-BDDD-BA586373C881}.Debug|Any CPU.ActiveCfg = Debug|Any CPU
		{CF414579-2BB6-48D1-BDDD-BA586373C881}.Debug|Any CPU.Build.0 = Debug|Any CPU
		{CF414579-2BB6-48D1-BDDD-BA586373C881}.Release|Any CPU.ActiveCfg = Release|Any CPU
		{CF414579-2BB6-48D1-BDDD-BA586373C881}.Release|Any CPU.Build.0 = Release|Any CPU
	EndGlobalSection
	GlobalSection(SolutionProperties) = preSolution
		HideSolutionNode = FALSE
	EndGlobalSection
	GlobalSection(ExtensibilityGlobals) = postSolution
		SolutionGuid = {78968CAC-BE6D-489D-92B1-4AC453AC8630}
	EndGlobalSection
EndGlobal
