
Microsoft Visual Studio Solution File, Format Version 9.00
# Visual Studio 2005
Project("{2150E333-8FDC-42A3-9474-1A3956D46DE8}") = "OtherFiles", "OtherFiles", "{D523A38F-333A-4257-A25C-1637414AFC72}"
	ProjectSection(SolutionItems) = preProject
		LICENSE = LICENSE
		RegenerateClasses.bat = RegenerateClasses.bat
	EndProjectSection
EndProject
Project("{2150E333-8FDC-42A3-9474-1A3956D46DE8}") = "External", "External", "{B25E3F4D-6EA7-48A5-85AA-79A57516F1DF}"
	ProjectSection(SolutionItems) = preProject
		External\Castle.Core.dll = External\Castle.Core.dll
		External\Castle.DynamicProxy2.dll = External\Castle.DynamicProxy2.dll
		External\Rhino.Mocks.dll = External\Rhino.Mocks.dll
	EndProjectSection
EndProject
Project("{FAE04EC0-301F-11D3-BF4B-00C04F79EFBC}") = "DbKeeperNet.Engine", "DbKeeperNet.Engine\DbKeeperNet.Engine.csproj", "{FFCF7DA4-C786-4999-8624-26C392D67315}"
EndProject
Global
	GlobalSection(SubversionScc) = preSolution
		Svn-Managed = True
		Manager = AnkhSVN - Subversion Support for Visual Studio
	EndGlobalSection
	GlobalSection(SolutionConfigurationPlatforms) = preSolution
		Debug|Any CPU = Debug|Any CPU
		Release|Any CPU = Release|Any CPU
	EndGlobalSection
	GlobalSection(ProjectConfigurationPlatforms) = postSolution
		{FFCF7DA4-C786-4999-8624-26C392D67315}.Debug|Any CPU.ActiveCfg = Debug|Any CPU
		{FFCF7DA4-C786-4999-8624-26C392D67315}.Debug|Any CPU.Build.0 = Debug|Any CPU
		{FFCF7DA4-C786-4999-8624-26C392D67315}.Release|Any CPU.ActiveCfg = Release|Any CPU
		{FFCF7DA4-C786-4999-8624-26C392D67315}.Release|Any CPU.Build.0 = Release|Any CPU
	EndGlobalSection
	GlobalSection(SolutionProperties) = preSolution
		HideSolutionNode = FALSE
	EndGlobalSection
EndGlobal
