
Microsoft Visual Studio Solution File, Format Version 12.00
# Visual Studio 2012
Project("{2150E333-8FDC-42A3-9474-1A3956D46DE8}") = "OtherFiles", "OtherFiles", "{D523A38F-333A-4257-A25C-1637414AFC72}"
	ProjectSection(SolutionItems) = preProject
		Changelog.txt = Changelog.txt
		DbKeeperNet.Extensions.Log4Net.nuspec = DbKeeperNet.Extensions.Log4Net.nuspec
		DbKeeperNet.Extensions.MsSqlMembershipAndRolesSetup.nuspec = DbKeeperNet.Extensions.MsSqlMembershipAndRolesSetup.nuspec
		DbKeeperNet.FxCop = DbKeeperNet.FxCop
		DbKeeperNet.msbuild = DbKeeperNet.msbuild
		DbKeeperNet.ndoc = DbKeeperNet.ndoc
		DbKeeperNet.nuspec = DbKeeperNet.nuspec
		DbKeeperNet.snk = DbKeeperNet.snk
		LICENSE = LICENSE
		packages.bat = packages.bat
		Properties.xml = Properties.xml
		UserProperties.xml.sample = UserProperties.xml.sample
	EndProjectSection
EndProject
Project("{2150E333-8FDC-42A3-9474-1A3956D46DE8}") = "External", "External", "{B25E3F4D-6EA7-48A5-85AA-79A57516F1DF}"
	ProjectSection(SolutionItems) = preProject
		External\Castle.Core.dll = External\Castle.Core.dll
		External\Castle.DynamicProxy2.dll = External\Castle.DynamicProxy2.dll
		External\Rhino.Mocks.dll = External\Rhino.Mocks.dll
	EndProjectSection
EndProject
Project("{FAE04EC0-301F-11D3-BF4B-00C04F79EFBC}") = "DbKeeperNet.Engine", "DbKeeperNet.Engine\DbKeeperNet.Engine.csproj", "{FFCF7DA4-C786-4999-8624-26C392D67315}"
EndProject
Project("{FAE04EC0-301F-11D3-BF4B-00C04F79EFBC}") = "DbKeeperNet.Engine.Tests", "DbKeeperNet.Engine.Tests\DbKeeperNet.Engine.Tests.csproj", "{B97FDF3F-710F-41B3-8CD2-F0A5E3C88206}"
EndProject
Project("{FAE04EC0-301F-11D3-BF4B-00C04F79EFBC}") = "DbKeeperNet.SimpleDemo", "DbKeeperNet.SimpleDemo\DbKeeperNet.SimpleDemo.csproj", "{E72142B7-3269-472D-8978-4604E7A8D165}"
EndProject
Project("{FAE04EC0-301F-11D3-BF4B-00C04F79EFBC}") = "DbKeeperNet.ComplexDemo", "DbKeeperNet.ComplexDemo\DbKeeperNet.ComplexDemo.csproj", "{2594FFE0-2357-4F62-8435-F0547B0406D9}"
EndProject
Project("{FAE04EC0-301F-11D3-BF4B-00C04F79EFBC}") = "DbKeeperNet.Extensions.Log4Net", "DbKeeperNet.Extensions.Log4Net\DbKeeperNet.Extensions.Log4Net.csproj", "{779308F4-01DC-444E-999F-42370513CA42}"
EndProject
Project("{FAE04EC0-301F-11D3-BF4B-00C04F79EFBC}") = "DbKeeperNet.Log4NetSimpleDemo", "DbKeeperNet.Log4NetSimpleDemo\DbKeeperNet.Log4NetSimpleDemo.csproj", "{ABA03077-BEFA-410A-B4C0-915972A22990}"
	ProjectSection(ProjectDependencies) = postProject
		{779308F4-01DC-444E-999F-42370513CA42} = {779308F4-01DC-444E-999F-42370513CA42}
	EndProjectSection
EndProject
Project("{2150E333-8FDC-42A3-9474-1A3956D46DE8}") = ".nuget", ".nuget", "{ED3B00B1-4CD2-486D-BAAD-10AB589B7C8E}"
	ProjectSection(SolutionItems) = preProject
		.nuget\packages.config = .nuget\packages.config
	EndProjectSection
EndProject
Project("{FAE04EC0-301F-11D3-BF4B-00C04F79EFBC}") = "DbKeeperNet.Extensions.MsSqlMembershipAndRolesSetup", "DbKeeperNet.Extensions.MsSqlMembershipAndRolesSetup\DbKeeperNet.Extensions.MsSqlMembershipAndRolesSetup.csproj", "{CF414579-2BB6-48D1-BDDD-BA586373C881}"
EndProject
Project("{FAE04EC0-301F-11D3-BF4B-00C04F79EFBC}") = "DbKeeperNet.Engine.Tests.NET40", "DbKeeperNet.Engine.Tests.NET40\DbKeeperNet.Engine.Tests.NET40.csproj", "{6FDC013D-924A-414C-BF44-AAA69362ED22}"
EndProject
Global
	GlobalSection(SolutionConfigurationPlatforms) = preSolution
		Debug|Any CPU = Debug|Any CPU
		Release|Any CPU = Release|Any CPU
	EndGlobalSection
	GlobalSection(ProjectConfigurationPlatforms) = postSolution
		{FFCF7DA4-C786-4999-8624-26C392D67315}.Debug|Any CPU.ActiveCfg = Debug|Any CPU
		{FFCF7DA4-C786-4999-8624-26C392D67315}.Debug|Any CPU.Build.0 = Debug|Any CPU
		{FFCF7DA4-C786-4999-8624-26C392D67315}.Release|Any CPU.ActiveCfg = Release|Any CPU
		{FFCF7DA4-C786-4999-8624-26C392D67315}.Release|Any CPU.Build.0 = Release|Any CPU
		{B97FDF3F-710F-41B3-8CD2-F0A5E3C88206}.Debug|Any CPU.ActiveCfg = Debug|Any CPU
		{B97FDF3F-710F-41B3-8CD2-F0A5E3C88206}.Debug|Any CPU.Build.0 = Debug|Any CPU
		{B97FDF3F-710F-41B3-8CD2-F0A5E3C88206}.Release|Any CPU.ActiveCfg = Release|Any CPU
		{B97FDF3F-710F-41B3-8CD2-F0A5E3C88206}.Release|Any CPU.Build.0 = Release|Any CPU
		{E72142B7-3269-472D-8978-4604E7A8D165}.Debug|Any CPU.ActiveCfg = Debug|Any CPU
		{E72142B7-3269-472D-8978-4604E7A8D165}.Debug|Any CPU.Build.0 = Debug|Any CPU
		{E72142B7-3269-472D-8978-4604E7A8D165}.Release|Any CPU.ActiveCfg = Release|Any CPU
		{E72142B7-3269-472D-8978-4604E7A8D165}.Release|Any CPU.Build.0 = Release|Any CPU
		{2594FFE0-2357-4F62-8435-F0547B0406D9}.Debug|Any CPU.ActiveCfg = Debug|Any CPU
		{2594FFE0-2357-4F62-8435-F0547B0406D9}.Debug|Any CPU.Build.0 = Debug|Any CPU
		{2594FFE0-2357-4F62-8435-F0547B0406D9}.Release|Any CPU.ActiveCfg = Release|Any CPU
		{2594FFE0-2357-4F62-8435-F0547B0406D9}.Release|Any CPU.Build.0 = Release|Any CPU
		{779308F4-01DC-444E-999F-42370513CA42}.Debug|Any CPU.ActiveCfg = Debug|Any CPU
		{779308F4-01DC-444E-999F-42370513CA42}.Debug|Any CPU.Build.0 = Debug|Any CPU
		{779308F4-01DC-444E-999F-42370513CA42}.Release|Any CPU.ActiveCfg = Release|Any CPU
		{779308F4-01DC-444E-999F-42370513CA42}.Release|Any CPU.Build.0 = Release|Any CPU
		{ABA03077-BEFA-410A-B4C0-915972A22990}.Debug|Any CPU.ActiveCfg = Debug|Any CPU
		{ABA03077-BEFA-410A-B4C0-915972A22990}.Debug|Any CPU.Build.0 = Debug|Any CPU
		{ABA03077-BEFA-410A-B4C0-915972A22990}.Release|Any CPU.ActiveCfg = Release|Any CPU
		{ABA03077-BEFA-410A-B4C0-915972A22990}.Release|Any CPU.Build.0 = Release|Any CPU
		{CF414579-2BB6-48D1-BDDD-BA586373C881}.Debug|Any CPU.ActiveCfg = Debug|Any CPU
		{CF414579-2BB6-48D1-BDDD-BA586373C881}.Debug|Any CPU.Build.0 = Debug|Any CPU
		{CF414579-2BB6-48D1-BDDD-BA586373C881}.Release|Any CPU.ActiveCfg = Release|Any CPU
		{CF414579-2BB6-48D1-BDDD-BA586373C881}.Release|Any CPU.Build.0 = Release|Any CPU
		{6FDC013D-924A-414C-BF44-AAA69362ED22}.Debug|Any CPU.ActiveCfg = Debug|Any CPU
		{6FDC013D-924A-414C-BF44-AAA69362ED22}.Debug|Any CPU.Build.0 = Debug|Any CPU
		{6FDC013D-924A-414C-BF44-AAA69362ED22}.Release|Any CPU.ActiveCfg = Release|Any CPU
		{6FDC013D-924A-414C-BF44-AAA69362ED22}.Release|Any CPU.Build.0 = Release|Any CPU
	EndGlobalSection
	GlobalSection(SolutionProperties) = preSolution
		HideSolutionNode = FALSE
	EndGlobalSection
EndGlobal
