
Microsoft Visual Studio Solution File, Format Version 12.00
# Visual Studio 2013
VisualStudioVersion = 12.0.31101.0
MinimumVisualStudioVersion = 10.0.40219.1
Project("{FAE04EC0-301F-11D3-BF4B-00C04F79EFBC}") = "DbKeeperNet.ComplexDemo", "DbKeeperNet.ComplexDemo\DbKeeperNet.ComplexDemo.csproj", "{2594FFE0-2357-4F62-8435-F0547B0406D9}"
EndProject
Project("{FAE04EC0-301F-11D3-BF4B-00C04F79EFBC}") = "DbKeeperNet.Log4NetSimpleDemo", "DbKeeperNet.Log4NetSimpleDemo\DbKeeperNet.Log4NetSimpleDemo.csproj", "{ABA03077-BEFA-410A-B4C0-915972A22990}"
EndProject
Project("{FAE04EC0-301F-11D3-BF4B-00C04F79EFBC}") = "DbKeeperNet.SimpleDemo", "DbKeeperNet.SimpleDemo\DbKeeperNet.SimpleDemo.csproj", "{E72142B7-3269-472D-8978-4604E7A8D165}"
EndProject
Project("{2150E333-8FDC-42A3-9474-1A3956D46DE8}") = ".nuget", ".nuget", "{DE0B94BB-3A42-4DF2-B8C3-1B56AC781AB1}"
	ProjectSection(SolutionItems) = preProject
		.nuget\NuGet.Config = .nuget\NuGet.Config
		.nuget\NuGet.exe = .nuget\NuGet.exe
		.nuget\NuGet.targets = .nuget\NuGet.targets
	EndProjectSection
EndProject
Project("{FAE04EC0-301F-11D3-BF4B-00C04F79EFBC}") = "DbKeeperNet.AspNetMembershipDemo", "DbKeeperNet.AspNetMembershipDemo\DbKeeperNet.AspNetMembershipDemo.csproj", "{FDBCD128-D140-4854-8D6B-DA4206A85602}"
EndProject
Global
	GlobalSection(SolutionConfigurationPlatforms) = preSolution
		Debug|Any CPU = Debug|Any CPU
		Release|Any CPU = Release|Any CPU
	EndGlobalSection
	GlobalSection(ProjectConfigurationPlatforms) = postSolution
		{2594FFE0-2357-4F62-8435-F0547B0406D9}.Debug|Any CPU.ActiveCfg = Debug|Any CPU
		{2594FFE0-2357-4F62-8435-F0547B0406D9}.Debug|Any CPU.Build.0 = Debug|Any CPU
		{2594FFE0-2357-4F62-8435-F0547B0406D9}.Release|Any CPU.ActiveCfg = Release|Any CPU
		{2594FFE0-2357-4F62-8435-F0547B0406D9}.Release|Any CPU.Build.0 = Release|Any CPU
		{ABA03077-BEFA-410A-B4C0-915972A22990}.Debug|Any CPU.ActiveCfg = Debug|Any CPU
		{ABA03077-BEFA-410A-B4C0-915972A22990}.Debug|Any CPU.Build.0 = Debug|Any CPU
		{ABA03077-BEFA-410A-B4C0-915972A22990}.Release|Any CPU.ActiveCfg = Release|Any CPU
		{ABA03077-BEFA-410A-B4C0-915972A22990}.Release|Any CPU.Build.0 = Release|Any CPU
		{E72142B7-3269-472D-8978-4604E7A8D165}.Debug|Any CPU.ActiveCfg = Debug|Any CPU
		{E72142B7-3269-472D-8978-4604E7A8D165}.Debug|Any CPU.Build.0 = Debug|Any CPU
		{E72142B7-3269-472D-8978-4604E7A8D165}.Release|Any CPU.ActiveCfg = Release|Any CPU
		{E72142B7-3269-472D-8978-4604E7A8D165}.Release|Any CPU.Build.0 = Release|Any CPU
		{FDBCD128-D140-4854-8D6B-DA4206A85602}.Debug|Any CPU.ActiveCfg = Debug|Any CPU
		{FDBCD128-D140-4854-8D6B-DA4206A85602}.Debug|Any CPU.Build.0 = Debug|Any CPU
		{FDBCD128-D140-4854-8D6B-DA4206A85602}.Release|Any CPU.ActiveCfg = Release|Any CPU
		{FDBCD128-D140-4854-8D6B-DA4206A85602}.Release|Any CPU.Build.0 = Release|Any CPU
	EndGlobalSection
	GlobalSection(SolutionProperties) = preSolution
		HideSolutionNode = FALSE
	EndGlobalSection
EndGlobal
