
Microsoft Visual Studio Solution File, Format Version 12.00
# Visual Studio 15
VisualStudioVersion = 15.0.27130.2010
MinimumVisualStudioVersion = 10.0.40219.1
Project("{FAE04EC0-301F-11D3-BF4B-00C04F79EFBC}") = "FullFrameworkConsoleApp", "FullFrameworkConsoleApp\FullFrameworkConsoleApp.csproj", "{7F750871-7ADA-4EC1-B34F-BBCC2A5C3483}"
EndProject
Project("{9A19103F-16F7-4668-BE54-9A1E7A4F7556}") = "CoreConsoleApp", "CoreConsoleApp\CoreConsoleApp.csproj", "{7DAB2213-29E1-4E7E-B5E0-1B5F0B133410}"
EndProject
Project("{FAE04EC0-301F-11D3-BF4B-00C04F79EFBC}") = "ASPNETCore", "ASPNETCore\ASPNETCore.csproj", "{8B5D8497-0D62-492C-817E-2BD1E34E69D5}"
EndProject
Project("{FAE04EC0-301F-11D3-BF4B-00C04F79EFBC}") = "ASPNet", "ASPNet\ASPNet.csproj", "{EAD78D40-793B-4282-ACE9-6CDCEBDF4906}"
EndProject
Project("{2150E333-8FDC-42A3-9474-1A3956D46DE8}") = "Solution Items", "Solution Items", "{C692CC55-A6B1-46AA-94B3-A64A6D0A8408}"
	ProjectSection(SolutionItems) = preProject
		README.md = README.md
	EndProjectSection
EndProject
Global
	GlobalSection(SolutionConfigurationPlatforms) = preSolution
		Debug|Any CPU = Debug|Any CPU
		Release|Any CPU = Release|Any CPU
	EndGlobalSection
	GlobalSection(ProjectConfigurationPlatforms) = postSolution
		{7F750871-7ADA-4EC1-B34F-BBCC2A5C3483}.Debug|Any CPU.ActiveCfg = Debug|Any CPU
		{7F750871-7ADA-4EC1-B34F-BBCC2A5C3483}.Debug|Any CPU.Build.0 = Debug|Any CPU
		{7F750871-7ADA-4EC1-B34F-BBCC2A5C3483}.Release|Any CPU.ActiveCfg = Release|Any CPU
		{7F750871-7ADA-4EC1-B34F-BBCC2A5C3483}.Release|Any CPU.Build.0 = Release|Any CPU
		{7DAB2213-29E1-4E7E-B5E0-1B5F0B133410}.Debug|Any CPU.ActiveCfg = Debug|Any CPU
		{7DAB2213-29E1-4E7E-B5E0-1B5F0B133410}.Debug|Any CPU.Build.0 = Debug|Any CPU
		{7DAB2213-29E1-4E7E-B5E0-1B5F0B133410}.Release|Any CPU.ActiveCfg = Release|Any CPU
		{7DAB2213-29E1-4E7E-B5E0-1B5F0B133410}.Release|Any CPU.Build.0 = Release|Any CPU
		{8B5D8497-0D62-492C-817E-2BD1E34E69D5}.Debug|Any CPU.ActiveCfg = Debug|Any CPU
		{8B5D8497-0D62-492C-817E-2BD1E34E69D5}.Debug|Any CPU.Build.0 = Debug|Any CPU
		{8B5D8497-0D62-492C-817E-2BD1E34E69D5}.Release|Any CPU.ActiveCfg = Release|Any CPU
		{8B5D8497-0D62-492C-817E-2BD1E34E69D5}.Release|Any CPU.Build.0 = Release|Any CPU
		{EAD78D40-793B-4282-ACE9-6CDCEBDF4906}.Debug|Any CPU.ActiveCfg = Debug|Any CPU
		{EAD78D40-793B-4282-ACE9-6CDCEBDF4906}.Debug|Any CPU.Build.0 = Debug|Any CPU
		{EAD78D40-793B-4282-ACE9-6CDCEBDF4906}.Release|Any CPU.ActiveCfg = Release|Any CPU
		{EAD78D40-793B-4282-ACE9-6CDCEBDF4906}.Release|Any CPU.Build.0 = Release|Any CPU
	EndGlobalSection
	GlobalSection(SolutionProperties) = preSolution
		HideSolutionNode = FALSE
	EndGlobalSection
	GlobalSection(ExtensibilityGlobals) = postSolution
		SolutionGuid = {9B5400B0-D124-4C75-8F39-041417A28FB4}
	EndGlobalSection
EndGlobal
